// !$*UTF8*$!
{
	archiveVersion = 1;
	classes = {
	};
	objectVersion = 56;
	objects = {

/* Begin PBXBuildFile section */
		3485664D2B5426A4008EF4DD /* dist in CopyFiles */ = {isa = PBXBuildFile; fileRef = 3485664C2B5426A4008EF4DD /* dist */; };
		3487D3492BC85E5B007C6D7C /* ContentView.swift in Sources */ = {isa = PBXBuildFile; fileRef = 3487D3482BC85E5B007C6D7C /* ContentView.swift */; };
		3487D34F2BCFD932007C6D7C /* SharedData.swift in Sources */ = {isa = PBXBuildFile; fileRef = 3487D34E2BCFD932007C6D7C /* SharedData.swift */; };
		34C48D4F2BF297FD00486C4E /* samples in CopyFiles */ = {isa = PBXBuildFile; fileRef = 34C48D4E2BF297FD00486C4E /* samples */; };
		34CD17F62B45C5400015EF4C /* NiiVueApp.swift in Sources */ = {isa = PBXBuildFile; fileRef = 34CD17F52B45C5400015EF4C /* NiiVueApp.swift */; };
		34CD17FA2B45C5410015EF4C /* Assets.xcassets in Resources */ = {isa = PBXBuildFile; fileRef = 34CD17F92B45C5410015EF4C /* Assets.xcassets */; };
		34CD17FD2B45C5410015EF4C /* Preview Assets.xcassets in Resources */ = {isa = PBXBuildFile; fileRef = 34CD17FC2B45C5410015EF4C /* Preview Assets.xcassets */; };
		34CD18072B45C5420015EF4C /* NiiVueTests.swift in Sources */ = {isa = PBXBuildFile; fileRef = 34CD18062B45C5420015EF4C /* NiiVueTests.swift */; };
		34CD18112B45C5420015EF4C /* NiiVueUITests.swift in Sources */ = {isa = PBXBuildFile; fileRef = 34CD18102B45C5420015EF4C /* NiiVueUITests.swift */; };
		34CD18132B45C5420015EF4C /* NiiVueUITestsLaunchTests.swift in Sources */ = {isa = PBXBuildFile; fileRef = 34CD18122B45C5420015EF4C /* NiiVueUITestsLaunchTests.swift */; };
		A1B2C3D401234567ABCDEF01 /* JavaScriptQuote.swift in Sources */ = {isa = PBXBuildFile; fileRef = A1B2C3D401234567ABCDEF02 /* JavaScriptQuote.swift */; };
		A1B2C3D401234567ABCDEF03 /* JavaScriptEvaluating.swift in Sources */ = {isa = PBXBuildFile; fileRef = A1B2C3D401234567ABCDEF04 /* JavaScriptEvaluating.swift */; };
		A1B2C3D401234567ABCDEF05 /* WKWebView+JavaScriptEvaluating.swift in Sources */ = {isa = PBXBuildFile; fileRef = A1B2C3D401234567ABCDEF06 /* WKWebView+JavaScriptEvaluating.swift */; };
		A1B2C3D401234567ABCDEF07 /* WebViewManager.swift in Sources */ = {isa = PBXBuildFile; fileRef = A1B2C3D401234567ABCDEF08 /* WebViewManager.swift */; };
		A1B2C3D401234567ABCDEF09 /* JavaScriptQuoteTests.swift in Sources */ = {isa = PBXBuildFile; fileRef = A1B2C3D401234567ABCDEF0A /* JavaScriptQuoteTests.swift */; };
		A1B2C3D401234567ABCDEF0B /* MockJavaScriptEvaluator.swift in Sources */ = {isa = PBXBuildFile; fileRef = A1B2C3D401234567ABCDEF0C /* MockJavaScriptEvaluator.swift */; };
		A1B2C3D401234567ABCDEF0D /* JavaScriptEvaluatingTests.swift in Sources */ = {isa = PBXBuildFile; fileRef = A1B2C3D401234567ABCDEF0E /* JavaScriptEvaluatingTests.swift */; };
		A1B2C3D401234567ABCDEF0F /* WebViewManagerCommandTests.swift in Sources */ = {isa = PBXBuildFile; fileRef = A1B2C3D401234567ABCDEF10 /* WebViewManagerCommandTests.swift */; };
		B1C2D3E401234567ABCDEF01 /* DrawingExportService.swift in Sources */ = {isa = PBXBuildFile; fileRef = B1C2D3E401234567ABCDEF02 /* DrawingExportService.swift */; };
		B1C2D3E401234567ABCDEF03 /* DrawingExportServiceTests.swift in Sources */ = {isa = PBXBuildFile; fileRef = B1C2D3E401234567ABCDEF04 /* DrawingExportServiceTests.swift */; };
		B1C2D3E401234567ABCDEF05 /* WebViewManagerStateTests.swift in Sources */ = {isa = PBXBuildFile; fileRef = B1C2D3E401234567ABCDEF06 /* WebViewManagerStateTests.swift */; };
		C1D2E3F401234567ABCDEF01 /* FileImportService.swift in Sources */ = {isa = PBXBuildFile; fileRef = C1D2E3F401234567ABCDEF02 /* FileImportService.swift */; };
		C1D2E3F401234567ABCDEF03 /* FileImportServiceTests.swift in Sources */ = {isa = PBXBuildFile; fileRef = C1D2E3F401234567ABCDEF04 /* FileImportServiceTests.swift */; };
		D1E2F3A401234567ABCDEF01 /* NiivueURLRouter.swift in Sources */ = {isa = PBXBuildFile; fileRef = D1E2F3A401234567ABCDEF02 /* NiivueURLRouter.swift */; };
		D1E2F3A401234567ABCDEF03 /* NiivueURLSchemeHandler.swift in Sources */ = {isa = PBXBuildFile; fileRef = D1E2F3A401234567ABCDEF04 /* NiivueURLSchemeHandler.swift */; };
		D1E2F3A401234567ABCDEF05 /* NiivueURLRouterTests.swift in Sources */ = {isa = PBXBuildFile; fileRef = D1E2F3A401234567ABCDEF06 /* NiivueURLRouterTests.swift */; };
		E1F2A3B401234567ABCDEF01 /* ImportedFileStore.swift in Sources */ = {isa = PBXBuildFile; fileRef = E1F2A3B401234567ABCDEF02 /* ImportedFileStore.swift */; };
		K1L2M3N401234567ABCDEF01 /* SessionStore.swift in Sources */ = {isa = PBXBuildFile; fileRef = K1L2M3N401234567ABCDEF02 /* SessionStore.swift */; };
		F1A2B3C401234567ABCDEF01 /* HUDMessageParsingTests.swift in Sources */ = {isa = PBXBuildFile; fileRef = F1A2B3C401234567ABCDEF02 /* HUDMessageParsingTests.swift */; };
		G1H2I3J401234567ABCDEF01 /* OverlayCommandTests.swift in Sources */ = {isa = PBXBuildFile; fileRef = G1H2I3J401234567ABCDEF02 /* OverlayCommandTests.swift */; };
		H1I2J3K401234567ABCDEF01 /* TimeSeriesCommandTests.swift in Sources */ = {isa = PBXBuildFile; fileRef = H1I2J3K401234567ABCDEF02 /* TimeSeriesCommandTests.swift */; };
		I1J2K3L401234567ABCDEF01 /* SegmentationCommandTests.swift in Sources */ = {isa = PBXBuildFile; fileRef = I1J2K3L401234567ABCDEF02 /* SegmentationCommandTests.swift */; };
		J1K2L3M401234567ABCDEF01 /* SessionStoreTests.swift in Sources */ = {isa = PBXBuildFile; fileRef = J1K2L3M401234567ABCDEF02 /* SessionStoreTests.swift */; };
		L1M2N3O401234567ABCDEF01 /* Base64FileEncoder.swift in Sources */ = {isa = PBXBuildFile; fileRef = L1M2N3O401234567ABCDEF02 /* Base64FileEncoder.swift */; };
		M1N2O3P401234567ABCDEF01 /* SessionSnapshotV1.swift in Sources */ = {isa = PBXBuildFile; fileRef = M1N2O3P401234567ABCDEF02 /* SessionSnapshotV1.swift */; };
		N1O2P3Q401234567ABCDEF01 /* Base64FileEncoderTests.swift in Sources */ = {isa = PBXBuildFile; fileRef = N1O2P3Q401234567ABCDEF02 /* Base64FileEncoderTests.swift */; };
		O1P2Q3R401234567ABCDEF01 /* DicomSeriesStoreTests.swift in Sources */ = {isa = PBXBuildFile; fileRef = O1P2Q3R401234567ABCDEF02 /* DicomSeriesStoreTests.swift */; };
		P1Q2R3S401234567ABCDEF01 /* DicomSeriesStore.swift in Sources */ = {isa = PBXBuildFile; fileRef = P1Q2R3S401234567ABCDEF02 /* DicomSeriesStore.swift */; };
		Q1R2S3T401234567ABCDEF01 /* DicomCommandTests.swift in Sources */ = {isa = PBXBuildFile; fileRef = Q1R2S3T401234567ABCDEF02 /* DicomCommandTests.swift */; };
/* End PBXBuildFile section */

/* Begin PBXContainerItemProxy section */
		34CD18032B45C5420015EF4C /* PBXContainerItemProxy */ = {
			isa = PBXContainerItemProxy;
			containerPortal = 34CD17EA2B45C5400015EF4C /* Project object */;
			proxyType = 1;
			remoteGlobalIDString = 34CD17F12B45C5400015EF4C;
			remoteInfo = NiiVue;
		};
		34CD180D2B45C5420015EF4C /* PBXContainerItemProxy */ = {
			isa = PBXContainerItemProxy;
			containerPortal = 34CD17EA2B45C5400015EF4C /* Project object */;
			proxyType = 1;
			remoteGlobalIDString = 34CD17F12B45C5400015EF4C;
			remoteInfo = NiiVue;
		};
/* End PBXContainerItemProxy section */

/* Begin PBXCopyFilesBuildPhase section */
		348566422B51A6E7008EF4DD /* CopyFiles */ = {
			isa = PBXCopyFilesBuildPhase;
			buildActionMask = 2147483647;
			dstPath = "";
			dstSubfolderSpec = 7;
			files = (
				34C48D4F2BF297FD00486C4E /* samples in CopyFiles */,
				3485664D2B5426A4008EF4DD /* dist in CopyFiles */,
			);
			runOnlyForDeploymentPostprocessing = 0;
		};
/* End PBXCopyFilesBuildPhase section */

/* Begin PBXFileReference section */
		348566462B51C95C008EF4DD /* dist */ = {isa = PBXFileReference; fileEncoding = 4; lastKnownFileType = text; name = dist; path = React/dist; sourceTree = SOURCE_ROOT; };
		3485664C2B5426A4008EF4DD /* dist */ = {isa = PBXFileReference; lastKnownFileType = folder; name = dist; path = React/dist; sourceTree = "<group>"; };
		3487D3482BC85E5B007C6D7C /* ContentView.swift */ = {isa = PBXFileReference; lastKnownFileType = sourcecode.swift; path = ContentView.swift; sourceTree = "<group>"; };
		3487D34C2BCB2146007C6D7C /* Info.plist */ = {isa = PBXFileReference; lastKnownFileType = text.plist; path = Info.plist; sourceTree = "<group>"; };
		3487D34D2BCB2250007C6D7C /* NiiVue.entitlements */ = {isa = PBXFileReference; lastKnownFileType = text.plist.entitlements; path = NiiVue.entitlements; sourceTree = "<group>"; };
		3487D34E2BCFD932007C6D7C /* SharedData.swift */ = {isa = PBXFileReference; lastKnownFileType = sourcecode.swift; path = SharedData.swift; sourceTree = "<group>"; };
		34C48D4E2BF297FD00486C4E /* samples */ = {isa = PBXFileReference; lastKnownFileType = folder; name = samples; path = NiiVue/samples; sourceTree = "<group>"; };
		34CD17F22B45C5400015EF4C /* NiiVue.app */ = {isa = PBXFileReference; explicitFileType = wrapper.application; includeInIndex = 0; path = NiiVue.app; sourceTree = BUILT_PRODUCTS_DIR; };
		34CD17F52B45C5400015EF4C /* NiiVueApp.swift */ = {isa = PBXFileReference; lastKnownFileType = sourcecode.swift; path = NiiVueApp.swift; sourceTree = "<group>"; };
		34CD17F92B45C5410015EF4C /* Assets.xcassets */ = {isa = PBXFileReference; lastKnownFileType = folder.assetcatalog; path = Assets.xcassets; sourceTree = "<group>"; };
		34CD17FC2B45C5410015EF4C /* Preview Assets.xcassets */ = {isa = PBXFileReference; lastKnownFileType = folder.assetcatalog; path = "Preview Assets.xcassets"; sourceTree = "<group>"; };
		34CD18022B45C5420015EF4C /* NiiVueTests.xctest */ = {isa = PBXFileReference; explicitFileType = wrapper.cfbundle; includeInIndex = 0; path = NiiVueTests.xctest; sourceTree = BUILT_PRODUCTS_DIR; };
		34CD18062B45C5420015EF4C /* NiiVueTests.swift */ = {isa = PBXFileReference; lastKnownFileType = sourcecode.swift; path = NiiVueTests.swift; sourceTree = "<group>"; };
		34CD180C2B45C5420015EF4C /* NiiVueUITests.xctest */ = {isa = PBXFileReference; explicitFileType = wrapper.cfbundle; includeInIndex = 0; path = NiiVueUITests.xctest; sourceTree = BUILT_PRODUCTS_DIR; };
		34CD18102B45C5420015EF4C /* NiiVueUITests.swift */ = {isa = PBXFileReference; lastKnownFileType = sourcecode.swift; path = NiiVueUITests.swift; sourceTree = "<group>"; };
		34CD18122B45C5420015EF4C /* NiiVueUITestsLaunchTests.swift */ = {isa = PBXFileReference; lastKnownFileType = sourcecode.swift; path = NiiVueUITestsLaunchTests.swift; sourceTree = "<group>"; };
		A1B2C3D401234567ABCDEF02 /* JavaScriptQuote.swift */ = {isa = PBXFileReference; lastKnownFileType = sourcecode.swift; path = JavaScriptQuote.swift; sourceTree = "<group>"; };
		A1B2C3D401234567ABCDEF04 /* JavaScriptEvaluating.swift */ = {isa = PBXFileReference; lastKnownFileType = sourcecode.swift; path = JavaScriptEvaluating.swift; sourceTree = "<group>"; };
		A1B2C3D401234567ABCDEF06 /* WKWebView+JavaScriptEvaluating.swift */ = {isa = PBXFileReference; lastKnownFileType = sourcecode.swift; path = "WKWebView+JavaScriptEvaluating.swift"; sourceTree = "<group>"; };
		A1B2C3D401234567ABCDEF08 /* WebViewManager.swift */ = {isa = PBXFileReference; lastKnownFileType = sourcecode.swift; path = WebViewManager.swift; sourceTree = "<group>"; };
		A1B2C3D401234567ABCDEF0A /* JavaScriptQuoteTests.swift */ = {isa = PBXFileReference; lastKnownFileType = sourcecode.swift; path = JavaScriptQuoteTests.swift; sourceTree = "<group>"; };
		A1B2C3D401234567ABCDEF0C /* MockJavaScriptEvaluator.swift */ = {isa = PBXFileReference; lastKnownFileType = sourcecode.swift; path = MockJavaScriptEvaluator.swift; sourceTree = "<group>"; };
		A1B2C3D401234567ABCDEF0E /* JavaScriptEvaluatingTests.swift */ = {isa = PBXFileReference; lastKnownFileType = sourcecode.swift; path = JavaScriptEvaluatingTests.swift; sourceTree = "<group>"; };
		A1B2C3D401234567ABCDEF10 /* WebViewManagerCommandTests.swift */ = {isa = PBXFileReference; lastKnownFileType = sourcecode.swift; path = WebViewManagerCommandTests.swift; sourceTree = "<group>"; };
		B1C2D3E401234567ABCDEF02 /* DrawingExportService.swift */ = {isa = PBXFileReference; lastKnownFileType = sourcecode.swift; path = DrawingExportService.swift; sourceTree = "<group>"; };
		B1C2D3E401234567ABCDEF04 /* DrawingExportServiceTests.swift */ = {isa = PBXFileReference; lastKnownFileType = sourcecode.swift; path = DrawingExportServiceTests.swift; sourceTree = "<group>"; };
		B1C2D3E401234567ABCDEF06 /* WebViewManagerStateTests.swift */ = {isa = PBXFileReference; lastKnownFileType = sourcecode.swift; path = WebViewManagerStateTests.swift; sourceTree = "<group>"; };
		C1D2E3F401234567ABCDEF02 /* FileImportService.swift */ = {isa = PBXFileReference; lastKnownFileType = sourcecode.swift; path = FileImportService.swift; sourceTree = "<group>"; };
		C1D2E3F401234567ABCDEF04 /* FileImportServiceTests.swift */ = {isa = PBXFileReference; lastKnownFileType = sourcecode.swift; path = FileImportServiceTests.swift; sourceTree = "<group>"; };
		D1E2F3A401234567ABCDEF02 /* NiivueURLRouter.swift */ = {isa = PBXFileReference; lastKnownFileType = sourcecode.swift; path = NiivueURLRouter.swift; sourceTree = "<group>"; };
		D1E2F3A401234567ABCDEF04 /* NiivueURLSchemeHandler.swift */ = {isa = PBXFileReference; lastKnownFileType = sourcecode.swift; path = NiivueURLSchemeHandler.swift; sourceTree = "<group>"; };
		D1E2F3A401234567ABCDEF06 /* NiivueURLRouterTests.swift */ = {isa = PBXFileReference; lastKnownFileType = sourcecode.swift; path = NiivueURLRouterTests.swift; sourceTree = "<group>"; };
		E1F2A3B401234567ABCDEF02 /* ImportedFileStore.swift */ = {isa = PBXFileReference; lastKnownFileType = sourcecode.swift; path = ImportedFileStore.swift; sourceTree = "<group>"; };
		K1L2M3N401234567ABCDEF02 /* SessionStore.swift */ = {isa = PBXFileReference; lastKnownFileType = sourcecode.swift; path = SessionStore.swift; sourceTree = "<group>"; };
		F1A2B3C401234567ABCDEF02 /* HUDMessageParsingTests.swift */ = {isa = PBXFileReference; lastKnownFileType = sourcecode.swift; path = HUDMessageParsingTests.swift; sourceTree = "<group>"; };
		G1H2I3J401234567ABCDEF02 /* OverlayCommandTests.swift */ = {isa = PBXFileReference; lastKnownFileType = sourcecode.swift; path = OverlayCommandTests.swift; sourceTree = "<group>"; };
		H1I2J3K401234567ABCDEF02 /* TimeSeriesCommandTests.swift */ = {isa = PBXFileReference; lastKnownFileType = sourcecode.swift; path = TimeSeriesCommandTests.swift; sourceTree = "<group>"; };
		I1J2K3L401234567ABCDEF02 /* SegmentationCommandTests.swift */ = {isa = PBXFileReference; lastKnownFileType = sourcecode.swift; path = SegmentationCommandTests.swift; sourceTree = "<group>"; };
		J1K2L3M401234567ABCDEF02 /* SessionStoreTests.swift */ = {isa = PBXFileReference; lastKnownFileType = sourcecode.swift; path = SessionStoreTests.swift; sourceTree = "<group>"; };
		L1M2N3O401234567ABCDEF02 /* Base64FileEncoder.swift */ = {isa = PBXFileReference; lastKnownFileType = sourcecode.swift; path = Base64FileEncoder.swift; sourceTree = "<group>"; };
		M1N2O3P401234567ABCDEF02 /* SessionSnapshotV1.swift */ = {isa = PBXFileReference; lastKnownFileType = sourcecode.swift; path = SessionSnapshotV1.swift; sourceTree = "<group>"; };
		N1O2P3Q401234567ABCDEF02 /* Base64FileEncoderTests.swift */ = {isa = PBXFileReference; lastKnownFileType = sourcecode.swift; path = Base64FileEncoderTests.swift; sourceTree = "<group>"; };
		O1P2Q3R401234567ABCDEF02 /* DicomSeriesStoreTests.swift */ = {isa = PBXFileReference; lastKnownFileType = sourcecode.swift; path = DicomSeriesStoreTests.swift; sourceTree = "<group>"; };
		P1Q2R3S401234567ABCDEF02 /* DicomSeriesStore.swift */ = {isa = PBXFileReference; lastKnownFileType = sourcecode.swift; path = DicomSeriesStore.swift; sourceTree = "<group>"; };
		Q1R2S3T401234567ABCDEF02 /* DicomCommandTests.swift */ = {isa = PBXFileReference; lastKnownFileType = sourcecode.swift; path = DicomCommandTests.swift; sourceTree = "<group>"; };
/* End PBXFileReference section */

/* Begin PBXFrameworksBuildPhase section */
		34CD17EF2B45C5400015EF4C /* Frameworks */ = {
			isa = PBXFrameworksBuildPhase;
			buildActionMask = 2147483647;
			files = (
			);
			runOnlyForDeploymentPostprocessing = 0;
		};
		34CD17FF2B45C5420015EF4C /* Frameworks */ = {
			isa = PBXFrameworksBuildPhase;
			buildActionMask = 2147483647;
			files = (
			);
			runOnlyForDeploymentPostprocessing = 0;
		};
		34CD18092B45C5420015EF4C /* Frameworks */ = {
			isa = PBXFrameworksBuildPhase;
			buildActionMask = 2147483647;
			files = (
			);
			runOnlyForDeploymentPostprocessing = 0;
		};
/* End PBXFrameworksBuildPhase section */

/* Begin PBXGroup section */
		34CD17E92B45C5400015EF4C = {
			isa = PBXGroup;
			children = (
				34C48D4E2BF297FD00486C4E /* samples */,
				3485664C2B5426A4008EF4DD /* dist */,
				34CD17F42B45C5400015EF4C /* NiiVue */,
				34CD18052B45C5420015EF4C /* NiiVueTests */,
				34CD180F2B45C5420015EF4C /* NiiVueUITests */,
				34CD17F32B45C5400015EF4C /* Products */,
			);
			sourceTree = "<group>";
		};
		34CD17F32B45C5400015EF4C /* Products */ = {
			isa = PBXGroup;
			children = (
				34CD17F22B45C5400015EF4C /* NiiVue.app */,
				34CD18022B45C5420015EF4C /* NiiVueTests.xctest */,
				34CD180C2B45C5420015EF4C /* NiiVueUITests.xctest */,
			);
			name = Products;
			sourceTree = "<group>";
		};
		34CD17F42B45C5400015EF4C /* NiiVue */ = {
			isa = PBXGroup;
			children = (
				3487D34D2BCB2250007C6D7C /* NiiVue.entitlements */,
				3487D34C2BCB2146007C6D7C /* Info.plist */,
				34CD17F52B45C5400015EF4C /* NiiVueApp.swift */,
				3487D3482BC85E5B007C6D7C /* ContentView.swift */,
				34CD17F92B45C5410015EF4C /* Assets.xcassets */,
				34CD17FB2B45C5410015EF4C /* Preview Content */,
				3487D34E2BCFD932007C6D7C /* SharedData.swift */,
				A1B2C3D401234567ABCDEF11 /* Web */,
				B1C2D3E401234567ABCDEF07 /* Services */,
			);
			path = NiiVue;
			sourceTree = "<group>";
		};
		34CD17FB2B45C5410015EF4C /* Preview Content */ = {
			isa = PBXGroup;
			children = (
				34CD17FC2B45C5410015EF4C /* Preview Assets.xcassets */,
			);
			path = "Preview Content";
			sourceTree = "<group>";
		};
		34CD18052B45C5420015EF4C /* NiiVueTests */ = {
			isa = PBXGroup;
			children = (
				N1O2P3Q401234567ABCDEF02 /* Base64FileEncoderTests.swift */,
				34CD18062B45C5420015EF4C /* NiiVueTests.swift */,
				A1B2C3D401234567ABCDEF0A /* JavaScriptQuoteTests.swift */,
				A1B2C3D401234567ABCDEF0C /* MockJavaScriptEvaluator.swift */,
				A1B2C3D401234567ABCDEF0E /* JavaScriptEvaluatingTests.swift */,
				A1B2C3D401234567ABCDEF10 /* WebViewManagerCommandTests.swift */,
				B1C2D3E401234567ABCDEF04 /* DrawingExportServiceTests.swift */,
				B1C2D3E401234567ABCDEF06 /* WebViewManagerStateTests.swift */,
				C1D2E3F401234567ABCDEF04 /* FileImportServiceTests.swift */,
				D1E2F3A401234567ABCDEF06 /* NiivueURLRouterTests.swift */,
				F1A2B3C401234567ABCDEF02 /* HUDMessageParsingTests.swift */,
				G1H2I3J401234567ABCDEF02 /* OverlayCommandTests.swift */,
				H1I2J3K401234567ABCDEF02 /* TimeSeriesCommandTests.swift */,
				I1J2K3L401234567ABCDEF02 /* SegmentationCommandTests.swift */,
				J1K2L3M401234567ABCDEF02 /* SessionStoreTests.swift */,
				O1P2Q3R401234567ABCDEF02 /* DicomSeriesStoreTests.swift */,
				Q1R2S3T401234567ABCDEF02 /* DicomCommandTests.swift */,
			);
			path = NiiVueTests;
			sourceTree = "<group>";
		};
		34CD180F2B45C5420015EF4C /* NiiVueUITests */ = {
			isa = PBXGroup;
			children = (
				348566462B51C95C008EF4DD /* dist */,
				34CD18102B45C5420015EF4C /* NiiVueUITests.swift */,
				34CD18122B45C5420015EF4C /* NiiVueUITestsLaunchTests.swift */,
			);
			path = NiiVueUITests;
			sourceTree = "<group>";
		};
		A1B2C3D401234567ABCDEF11 /* Web */ = {
			isa = PBXGroup;
			children = (
				A1B2C3D401234567ABCDEF02 /* JavaScriptQuote.swift */,
				A1B2C3D401234567ABCDEF04 /* JavaScriptEvaluating.swift */,
				A1B2C3D401234567ABCDEF06 /* WKWebView+JavaScriptEvaluating.swift */,
				A1B2C3D401234567ABCDEF08 /* WebViewManager.swift */,
				D1E2F3A401234567ABCDEF02 /* NiivueURLRouter.swift */,
				D1E2F3A401234567ABCDEF04 /* NiivueURLSchemeHandler.swift */,
			);
			path = Web;
			sourceTree = "<group>";
		};
		B1C2D3E401234567ABCDEF07 /* Services */ = {
			isa = PBXGroup;
			children = (
				L1M2N3O401234567ABCDEF02 /* Base64FileEncoder.swift */,
				B1C2D3E401234567ABCDEF02 /* DrawingExportService.swift */,
				C1D2E3F401234567ABCDEF02 /* FileImportService.swift */,
				E1F2A3B401234567ABCDEF02 /* ImportedFileStore.swift */,
				M1N2O3P401234567ABCDEF02 /* SessionSnapshotV1.swift */,
				K1L2M3N401234567ABCDEF02 /* SessionStore.swift */,
				P1Q2R3S401234567ABCDEF02 /* DicomSeriesStore.swift */,
			);
			path = Services;
			sourceTree = "<group>";
		};
/* End PBXGroup section */

/* Begin PBXNativeTarget section */
		34CD17F12B45C5400015EF4C /* NiiVue */ = {
			isa = PBXNativeTarget;
			buildConfigurationList = 34CD18162B45C5420015EF4C /* Build configuration list for PBXNativeTarget "NiiVue" */;
			buildPhases = (
				348566412B51A4EB008EF4DD /* ShellScript */,
				348566422B51A6E7008EF4DD /* CopyFiles */,
				34CD17EE2B45C5400015EF4C /* Sources */,
				34CD17EF2B45C5400015EF4C /* Frameworks */,
				34CD17F02B45C5400015EF4C /* Resources */,
			);
			buildRules = (
			);
			dependencies = (
			);
			name = NiiVue;
			productName = NiiVue;
			productReference = 34CD17F22B45C5400015EF4C /* NiiVue.app */;
			productType = "com.apple.product-type.application";
		};
		34CD18012B45C5420015EF4C /* NiiVueTests */ = {
			isa = PBXNativeTarget;
			buildConfigurationList = 34CD18192B45C5420015EF4C /* Build configuration list for PBXNativeTarget "NiiVueTests" */;
			buildPhases = (
				34CD17FE2B45C5420015EF4C /* Sources */,
				34CD17FF2B45C5420015EF4C /* Frameworks */,
				34CD18002B45C5420015EF4C /* Resources */,
			);
			buildRules = (
			);
			dependencies = (
				34CD18042B45C5420015EF4C /* PBXTargetDependency */,
			);
			name = NiiVueTests;
			productName = NiiVueTests;
			productReference = 34CD18022B45C5420015EF4C /* NiiVueTests.xctest */;
			productType = "com.apple.product-type.bundle.unit-test";
		};
		34CD180B2B45C5420015EF4C /* NiiVueUITests */ = {
			isa = PBXNativeTarget;
			buildConfigurationList = 34CD181C2B45C5420015EF4C /* Build configuration list for PBXNativeTarget "NiiVueUITests" */;
			buildPhases = (
				34CD18082B45C5420015EF4C /* Sources */,
				34CD18092B45C5420015EF4C /* Frameworks */,
				34CD180A2B45C5420015EF4C /* Resources */,
			);
			buildRules = (
			);
			dependencies = (
				34CD180E2B45C5420015EF4C /* PBXTargetDependency */,
			);
			name = NiiVueUITests;
			productName = NiiVueUITests;
			productReference = 34CD180C2B45C5420015EF4C /* NiiVueUITests.xctest */;
			productType = "com.apple.product-type.bundle.ui-testing";
		};
/* End PBXNativeTarget section */

/* Begin PBXProject section */
		34CD17EA2B45C5400015EF4C /* Project object */ = {
			isa = PBXProject;
			attributes = {
				BuildIndependentTargetsInParallel = 1;
				LastSwiftUpdateCheck = 1430;
				LastUpgradeCheck = 1430;
				TargetAttributes = {
					34CD17F12B45C5400015EF4C = {
						CreatedOnToolsVersion = 14.3.1;
					};
					34CD18012B45C5420015EF4C = {
						CreatedOnToolsVersion = 14.3.1;
						TestTargetID = 34CD17F12B45C5400015EF4C;
					};
					34CD180B2B45C5420015EF4C = {
						CreatedOnToolsVersion = 14.3.1;
						TestTargetID = 34CD17F12B45C5400015EF4C;
					};
				};
			};
			buildConfigurationList = 34CD17ED2B45C5400015EF4C /* Build configuration list for PBXProject "NiiVue" */;
			compatibilityVersion = "Xcode 14.0";
			developmentRegion = en;
			hasScannedForEncodings = 0;
			knownRegions = (
				en,
				Base,
			);
			mainGroup = 34CD17E92B45C5400015EF4C;
			productRefGroup = 34CD17F32B45C5400015EF4C /* Products */;
			projectDirPath = "";
			projectRoot = "";
			targets = (
				34CD17F12B45C5400015EF4C /* NiiVue */,
				34CD18012B45C5420015EF4C /* NiiVueTests */,
				34CD180B2B45C5420015EF4C /* NiiVueUITests */,
			);
		};
/* End PBXProject section */

/* Begin PBXResourcesBuildPhase section */
		34CD17F02B45C5400015EF4C /* Resources */ = {
			isa = PBXResourcesBuildPhase;
			buildActionMask = 2147483647;
			files = (
				34CD17FD2B45C5410015EF4C /* Preview Assets.xcassets in Resources */,
				34CD17FA2B45C5410015EF4C /* Assets.xcassets in Resources */,
			);
			runOnlyForDeploymentPostprocessing = 0;
		};
		34CD18002B45C5420015EF4C /* Resources */ = {
			isa = PBXResourcesBuildPhase;
			buildActionMask = 2147483647;
			files = (
			);
			runOnlyForDeploymentPostprocessing = 0;
		};
		34CD180A2B45C5420015EF4C /* Resources */ = {
			isa = PBXResourcesBuildPhase;
			buildActionMask = 2147483647;
			files = (
			);
			runOnlyForDeploymentPostprocessing = 0;
		};
/* End PBXResourcesBuildPhase section */

/* Begin PBXShellScriptBuildPhase section */
		348566412B51A4EB008EF4DD /* ShellScript */ = {
			isa = PBXShellScriptBuildPhase;
			buildActionMask = 2147483647;
			files = (
			);
			inputFileListPaths = (
			);
			inputPaths = (
			);
			outputFileListPaths = (
			);
			outputPaths = (
			);
			runOnlyForDeploymentPostprocessing = 0;
			shellPath = /bin/sh;
				shellScript = "set -e\n\n# Xcode Run Script phases execute with a minimal PATH (often missing Homebrew).\n# Add common locations for Node/npm.\nexport PATH=\"/opt/homebrew/bin:/usr/local/bin:$PATH\"\n\ncd \"${SRCROOT}/React\"\n\n# If npm isn't on PATH, try enabling nvm-managed Node (common on dev machines).\nif ! command -v npm >/dev/null 2>&1; then\n  export NVM_DIR=\"${NVM_DIR:-$HOME/.nvm}\"\n  if [ -s \"$NVM_DIR/nvm.sh\" ]; then\n    . \"$NVM_DIR/nvm.sh\"\n    nvm use --silent >/dev/null 2>&1 || nvm use --silent node >/dev/null 2>&1 || true\n  fi\nfi\n\nif command -v npm >/dev/null 2>&1; then\n  NPM=`command -v npm`\nelif [ -x /opt/homebrew/bin/npm ]; then\n  NPM=/opt/homebrew/bin/npm\nelif [ -x /usr/local/bin/npm ]; then\n  NPM=/usr/local/bin/npm\nelif [ -x \"$HOME/.volta/bin/npm\" ]; then\n  NPM=\"$HOME/.volta/bin/npm\"\nelif [ -x \"$HOME/.asdf/shims/npm\" ]; then\n  NPM=\"$HOME/.asdf/shims/npm\"\nelse\n  echo \"error: npm not found. Install Node.js (includes npm) or ensure npm is on PATH.\"\n  echo \"error: If you use Homebrew, install with: brew install node\"\n  echo \"error: If you use nvm, ensure a Node version is installed: nvm install node\"\n  exit 1\nfi\n\n\"$NPM\" run build\n";
			};
	/* End PBXShellScriptBuildPhase section */

/* Begin PBXSourcesBuildPhase section */
		34CD17EE2B45C5400015EF4C /* Sources */ = {
			isa = PBXSourcesBuildPhase;
			buildActionMask = 2147483647;
			files = (
				3487D34F2BCFD932007C6D7C /* SharedData.swift in Sources */,
				34CD17F62B45C5400015EF4C /* NiiVueApp.swift in Sources */,
				3487D3492BC85E5B007C6D7C /* ContentView.swift in Sources */,
				A1B2C3D401234567ABCDEF01 /* JavaScriptQuote.swift in Sources */,
				A1B2C3D401234567ABCDEF03 /* JavaScriptEvaluating.swift in Sources */,
				A1B2C3D401234567ABCDEF05 /* WKWebView+JavaScriptEvaluating.swift in Sources */,
				A1B2C3D401234567ABCDEF07 /* WebViewManager.swift in Sources */,
				L1M2N3O401234567ABCDEF01 /* Base64FileEncoder.swift in Sources */,
				B1C2D3E401234567ABCDEF01 /* DrawingExportService.swift in Sources */,
				C1D2E3F401234567ABCDEF01 /* FileImportService.swift in Sources */,
				D1E2F3A401234567ABCDEF01 /* NiivueURLRouter.swift in Sources */,
				D1E2F3A401234567ABCDEF03 /* NiivueURLSchemeHandler.swift in Sources */,
				E1F2A3B401234567ABCDEF01 /* ImportedFileStore.swift in Sources */,
				M1N2O3P401234567ABCDEF01 /* SessionSnapshotV1.swift in Sources */,
				K1L2M3N401234567ABCDEF01 /* SessionStore.swift in Sources */,
				P1Q2R3S401234567ABCDEF01 /* DicomSeriesStore.swift in Sources */,
			);
			runOnlyForDeploymentPostprocessing = 0;
		};
		34CD17FE2B45C5420015EF4C /* Sources */ = {
			isa = PBXSourcesBuildPhase;
			buildActionMask = 2147483647;
			files = (
				N1O2P3Q401234567ABCDEF01 /* Base64FileEncoderTests.swift in Sources */,
				34CD18072B45C5420015EF4C /* NiiVueTests.swift in Sources */,
				A1B2C3D401234567ABCDEF09 /* JavaScriptQuoteTests.swift in Sources */,
				A1B2C3D401234567ABCDEF0B /* MockJavaScriptEvaluator.swift in Sources */,
				A1B2C3D401234567ABCDEF0D /* JavaScriptEvaluatingTests.swift in Sources */,
				A1B2C3D401234567ABCDEF0F /* WebViewManagerCommandTests.swift in Sources */,
				B1C2D3E401234567ABCDEF03 /* DrawingExportServiceTests.swift in Sources */,
				B1C2D3E401234567ABCDEF05 /* WebViewManagerStateTests.swift in Sources */,
				C1D2E3F401234567ABCDEF03 /* FileImportServiceTests.swift in Sources */,
				D1E2F3A401234567ABCDEF05 /* NiivueURLRouterTests.swift in Sources */,
				F1A2B3C401234567ABCDEF01 /* HUDMessageParsingTests.swift in Sources */,
				G1H2I3J401234567ABCDEF01 /* OverlayCommandTests.swift in Sources */,
				H1I2J3K401234567ABCDEF01 /* TimeSeriesCommandTests.swift in Sources */,
				I1J2K3L401234567ABCDEF01 /* SegmentationCommandTests.swift in Sources */,
				J1K2L3M401234567ABCDEF01 /* SessionStoreTests.swift in Sources */,
				O1P2Q3R401234567ABCDEF01 /* DicomSeriesStoreTests.swift in Sources */,
				Q1R2S3T401234567ABCDEF01 /* DicomCommandTests.swift in Sources */,
			);
			runOnlyForDeploymentPostprocessing = 0;
		};
		34CD18082B45C5420015EF4C /* Sources */ = {
			isa = PBXSourcesBuildPhase;
			buildActionMask = 2147483647;
			files = (
				34CD18132B45C5420015EF4C /* NiiVueUITestsLaunchTests.swift in Sources */,
				34CD18112B45C5420015EF4C /* NiiVueUITests.swift in Sources */,
			);
			runOnlyForDeploymentPostprocessing = 0;
		};
/* End PBXSourcesBuildPhase section */

/* Begin PBXTargetDependency section */
		34CD18042B45C5420015EF4C /* PBXTargetDependency */ = {
			isa = PBXTargetDependency;
			target = 34CD17F12B45C5400015EF4C /* NiiVue */;
			targetProxy = 34CD18032B45C5420015EF4C /* PBXContainerItemProxy */;
		};
		34CD180E2B45C5420015EF4C /* PBXTargetDependency */ = {
			isa = PBXTargetDependency;
			target = 34CD17F12B45C5400015EF4C /* NiiVue */;
			targetProxy = 34CD180D2B45C5420015EF4C /* PBXContainerItemProxy */;
		};
/* End PBXTargetDependency section */

/* Begin XCBuildConfiguration section */
		34CD18142B45C5420015EF4C /* Debug */ = {
			isa = XCBuildConfiguration;
			buildSettings = {
				ALWAYS_SEARCH_USER_PATHS = NO;
				CLANG_ANALYZER_NONNULL = YES;
				CLANG_ANALYZER_NUMBER_OBJECT_CONVERSION = YES_AGGRESSIVE;
				CLANG_CXX_LANGUAGE_STANDARD = "gnu++20";
				CLANG_ENABLE_MODULES = YES;
				CLANG_ENABLE_OBJC_ARC = YES;
				CLANG_ENABLE_OBJC_WEAK = YES;
				CLANG_WARN_BLOCK_CAPTURE_AUTORELEASING = YES;
				CLANG_WARN_BOOL_CONVERSION = YES;
				CLANG_WARN_COMMA = YES;
				CLANG_WARN_CONSTANT_CONVERSION = YES;
				CLANG_WARN_DEPRECATED_OBJC_IMPLEMENTATIONS = YES;
				CLANG_WARN_DIRECT_OBJC_ISA_USAGE = YES_ERROR;
				CLANG_WARN_DOCUMENTATION_COMMENTS = YES;
				CLANG_WARN_EMPTY_BODY = YES;
				CLANG_WARN_ENUM_CONVERSION = YES;
				CLANG_WARN_INFINITE_RECURSION = YES;
				CLANG_WARN_INT_CONVERSION = YES;
				CLANG_WARN_NON_LITERAL_NULL_CONVERSION = YES;
				CLANG_WARN_OBJC_IMPLICIT_RETAIN_SELF = YES;
				CLANG_WARN_OBJC_LITERAL_CONVERSION = YES;
				CLANG_WARN_OBJC_ROOT_CLASS = YES_ERROR;
				CLANG_WARN_QUOTED_INCLUDE_IN_FRAMEWORK_HEADER = YES;
				CLANG_WARN_RANGE_LOOP_ANALYSIS = YES;
				CLANG_WARN_STRICT_PROTOTYPES = YES;
				CLANG_WARN_SUSPICIOUS_MOVE = YES;
				CLANG_WARN_UNGUARDED_AVAILABILITY = YES_AGGRESSIVE;
				CLANG_WARN_UNREACHABLE_CODE = YES;
				CLANG_WARN__DUPLICATE_METHOD_MATCH = YES;
				COPY_PHASE_STRIP = NO;
				DEBUG_INFORMATION_FORMAT = dwarf;
				ENABLE_STRICT_OBJC_MSGSEND = YES;
				ENABLE_TESTABILITY = YES;
				GCC_C_LANGUAGE_STANDARD = gnu11;
				GCC_DYNAMIC_NO_PIC = NO;
				GCC_NO_COMMON_BLOCKS = YES;
				GCC_OPTIMIZATION_LEVEL = 0;
				GCC_PREPROCESSOR_DEFINITIONS = (
					"DEBUG=1",
					"$(inherited)",
				);
				GCC_WARN_64_TO_32_BIT_CONVERSION = YES;
				GCC_WARN_ABOUT_RETURN_TYPE = YES_ERROR;
				GCC_WARN_UNDECLARED_SELECTOR = YES;
				GCC_WARN_UNINITIALIZED_AUTOS = YES_AGGRESSIVE;
				GCC_WARN_UNUSED_FUNCTION = YES;
				GCC_WARN_UNUSED_VARIABLE = YES;
				IPHONEOS_DEPLOYMENT_TARGET = 16.4;
				MTL_ENABLE_DEBUG_INFO = INCLUDE_SOURCE;
				MTL_FAST_MATH = YES;
				ONLY_ACTIVE_ARCH = YES;
				SDKROOT = iphoneos;
				SWIFT_ACTIVE_COMPILATION_CONDITIONS = DEBUG;
				SWIFT_OPTIMIZATION_LEVEL = "-Onone";
			};
			name = Debug;
		};
		34CD18152B45C5420015EF4C /* Release */ = {
			isa = XCBuildConfiguration;
			buildSettings = {
				ALWAYS_SEARCH_USER_PATHS = NO;
				CLANG_ANALYZER_NONNULL = YES;
				CLANG_ANALYZER_NUMBER_OBJECT_CONVERSION = YES_AGGRESSIVE;
				CLANG_CXX_LANGUAGE_STANDARD = "gnu++20";
				CLANG_ENABLE_MODULES = YES;
				CLANG_ENABLE_OBJC_ARC = YES;
				CLANG_ENABLE_OBJC_WEAK = YES;
				CLANG_WARN_BLOCK_CAPTURE_AUTORELEASING = YES;
				CLANG_WARN_BOOL_CONVERSION = YES;
				CLANG_WARN_COMMA = YES;
				CLANG_WARN_CONSTANT_CONVERSION = YES;
				CLANG_WARN_DEPRECATED_OBJC_IMPLEMENTATIONS = YES;
				CLANG_WARN_DIRECT_OBJC_ISA_USAGE = YES_ERROR;
				CLANG_WARN_DOCUMENTATION_COMMENTS = YES;
				CLANG_WARN_EMPTY_BODY = YES;
				CLANG_WARN_ENUM_CONVERSION = YES;
				CLANG_WARN_INFINITE_RECURSION = YES;
				CLANG_WARN_INT_CONVERSION = YES;
				CLANG_WARN_NON_LITERAL_NULL_CONVERSION = YES;
				CLANG_WARN_OBJC_IMPLICIT_RETAIN_SELF = YES;
				CLANG_WARN_OBJC_LITERAL_CONVERSION = YES;
				CLANG_WARN_OBJC_ROOT_CLASS = YES_ERROR;
				CLANG_WARN_QUOTED_INCLUDE_IN_FRAMEWORK_HEADER = YES;
				CLANG_WARN_RANGE_LOOP_ANALYSIS = YES;
				CLANG_WARN_STRICT_PROTOTYPES = YES;
				CLANG_WARN_SUSPICIOUS_MOVE = YES;
				CLANG_WARN_UNGUARDED_AVAILABILITY = YES_AGGRESSIVE;
				CLANG_WARN_UNREACHABLE_CODE = YES;
				CLANG_WARN__DUPLICATE_METHOD_MATCH = YES;
				COPY_PHASE_STRIP = NO;
				DEBUG_INFORMATION_FORMAT = "dwarf-with-dsym";
				ENABLE_NS_ASSERTIONS = NO;
				ENABLE_STRICT_OBJC_MSGSEND = YES;
				GCC_C_LANGUAGE_STANDARD = gnu11;
				GCC_NO_COMMON_BLOCKS = YES;
				GCC_WARN_64_TO_32_BIT_CONVERSION = YES;
				GCC_WARN_ABOUT_RETURN_TYPE = YES_ERROR;
				GCC_WARN_UNDECLARED_SELECTOR = YES;
				GCC_WARN_UNINITIALIZED_AUTOS = YES_AGGRESSIVE;
				GCC_WARN_UNUSED_FUNCTION = YES;
				GCC_WARN_UNUSED_VARIABLE = YES;
				IPHONEOS_DEPLOYMENT_TARGET = 16.4;
				MTL_ENABLE_DEBUG_INFO = NO;
				MTL_FAST_MATH = YES;
				SDKROOT = iphoneos;
				SWIFT_COMPILATION_MODE = wholemodule;
				SWIFT_OPTIMIZATION_LEVEL = "-O";
				VALIDATE_PRODUCT = YES;
			};
			name = Release;
		};
		34CD18172B45C5420015EF4C /* Debug */ = {
			isa = XCBuildConfiguration;
			buildSettings = {
				ASSETCATALOG_COMPILER_APPICON_NAME = AppIcon;
				ASSETCATALOG_COMPILER_GLOBAL_ACCENT_COLOR_NAME = AccentColor;
					CODE_SIGN_ENTITLEMENTS = NiiVue/NiiVue.entitlements;
					CODE_SIGN_STYLE = Automatic;
					CURRENT_PROJECT_VERSION = 3;
					DEVELOPMENT_ASSET_PATHS = "\"NiiVue/Preview Content\"";
					DEVELOPMENT_TEAM = C3Y254HR6B;
					ENABLE_PREVIEWS = YES;
					GENERATE_INFOPLIST_FILE = YES;
					INFOPLIST_FILE = NiiVue/Info.plist;
					INFOPLIST_KEY_LSSupportsOpeningDocumentsInPlace = YES;
				INFOPLIST_KEY_UIApplicationSceneManifest_Generation = YES;
				INFOPLIST_KEY_UIApplicationSupportsIndirectInputEvents = YES;
				INFOPLIST_KEY_UILaunchScreen_Generation = YES;
				INFOPLIST_KEY_UISupportedInterfaceOrientations = "UIInterfaceOrientationLandscapeLeft UIInterfaceOrientationLandscapeRight UIInterfaceOrientationPortrait";
				INFOPLIST_KEY_UISupportedInterfaceOrientations_iPad = "UIInterfaceOrientationLandscapeLeft UIInterfaceOrientationLandscapeRight UIInterfaceOrientationPortrait UIInterfaceOrientationPortraitUpsideDown";
				LD_RUNPATH_SEARCH_PATHS = (
					"$(inherited)",
					"@executable_path/Frameworks",
				);
				MARKETING_VERSION = 0.1.0;
				PRODUCT_BUNDLE_IDENTIFIER = com.niivue.mobile;
				PRODUCT_NAME = "$(TARGET_NAME)";
				SUPPORTED_PLATFORMS = "iphoneos iphonesimulator";
				SUPPORTS_MACCATALYST = NO;
				SUPPORTS_MAC_DESIGNED_FOR_IPHONE_IPAD = YES;
				SWIFT_EMIT_LOC_STRINGS = YES;
				SWIFT_VERSION = 5.0;
				TARGETED_DEVICE_FAMILY = "1,2";
			};
			name = Debug;
		};
		34CD18182B45C5420015EF4C /* Release */ = {
			isa = XCBuildConfiguration;
			buildSettings = {
				ASSETCATALOG_COMPILER_APPICON_NAME = AppIcon;
				ASSETCATALOG_COMPILER_GLOBAL_ACCENT_COLOR_NAME = AccentColor;
					CODE_SIGN_ENTITLEMENTS = NiiVue/NiiVue.entitlements;
					CODE_SIGN_STYLE = Automatic;
					CURRENT_PROJECT_VERSION = 3;
					DEVELOPMENT_ASSET_PATHS = "\"NiiVue/Preview Content\"";
					DEVELOPMENT_TEAM = C3Y254HR6B;
					ENABLE_PREVIEWS = YES;
					GENERATE_INFOPLIST_FILE = YES;
					INFOPLIST_FILE = NiiVue/Info.plist;
					INFOPLIST_KEY_LSSupportsOpeningDocumentsInPlace = YES;
				INFOPLIST_KEY_UIApplicationSceneManifest_Generation = YES;
				INFOPLIST_KEY_UIApplicationSupportsIndirectInputEvents = YES;
				INFOPLIST_KEY_UILaunchScreen_Generation = YES;
				INFOPLIST_KEY_UISupportedInterfaceOrientations = "UIInterfaceOrientationLandscapeLeft UIInterfaceOrientationLandscapeRight UIInterfaceOrientationPortrait";
				INFOPLIST_KEY_UISupportedInterfaceOrientations_iPad = "UIInterfaceOrientationLandscapeLeft UIInterfaceOrientationLandscapeRight UIInterfaceOrientationPortrait UIInterfaceOrientationPortraitUpsideDown";
				LD_RUNPATH_SEARCH_PATHS = (
					"$(inherited)",
					"@executable_path/Frameworks",
				);
				MARKETING_VERSION = 0.1.0;
				PRODUCT_BUNDLE_IDENTIFIER = com.niivue.mobile;
				PRODUCT_NAME = "$(TARGET_NAME)";
				SUPPORTED_PLATFORMS = "iphoneos iphonesimulator";
				SUPPORTS_MACCATALYST = NO;
				SUPPORTS_MAC_DESIGNED_FOR_IPHONE_IPAD = YES;
				SWIFT_EMIT_LOC_STRINGS = YES;
				SWIFT_VERSION = 5.0;
				TARGETED_DEVICE_FAMILY = "1,2";
			};
			name = Release;
		};
		34CD181A2B45C5420015EF4C /* Debug */ = {
			isa = XCBuildConfiguration;
			buildSettings = {
					ALWAYS_EMBED_SWIFT_STANDARD_LIBRARIES = YES;
					BUNDLE_LOADER = "$(TEST_HOST)";
					CODE_SIGN_STYLE = Automatic;
					CURRENT_PROJECT_VERSION = 1;
					DEVELOPMENT_TEAM = C3Y254HR6B;
					GENERATE_INFOPLIST_FILE = YES;
					IPHONEOS_DEPLOYMENT_TARGET = 16.4;
					MARKETING_VERSION = 1.0;
					PRODUCT_BUNDLE_IDENTIFIER = com.niivue.NiiVueTests;
				PRODUCT_NAME = "$(TARGET_NAME)";
				SWIFT_EMIT_LOC_STRINGS = NO;
				SWIFT_VERSION = 5.0;
				TARGETED_DEVICE_FAMILY = "1,2";
				TEST_HOST = "$(BUILT_PRODUCTS_DIR)/NiiVue.app/$(BUNDLE_EXECUTABLE_FOLDER_PATH)/NiiVue";
			};
			name = Debug;
		};
		34CD181B2B45C5420015EF4C /* Release */ = {
			isa = XCBuildConfiguration;
			buildSettings = {
					ALWAYS_EMBED_SWIFT_STANDARD_LIBRARIES = YES;
					BUNDLE_LOADER = "$(TEST_HOST)";
					CODE_SIGN_STYLE = Automatic;
					CURRENT_PROJECT_VERSION = 1;
					DEVELOPMENT_TEAM = C3Y254HR6B;
					GENERATE_INFOPLIST_FILE = YES;
					IPHONEOS_DEPLOYMENT_TARGET = 16.4;
					MARKETING_VERSION = 1.0;
					PRODUCT_BUNDLE_IDENTIFIER = com.niivue.NiiVueTests;
				PRODUCT_NAME = "$(TARGET_NAME)";
				SWIFT_EMIT_LOC_STRINGS = NO;
				SWIFT_VERSION = 5.0;
				TARGETED_DEVICE_FAMILY = "1,2";
				TEST_HOST = "$(BUILT_PRODUCTS_DIR)/NiiVue.app/$(BUNDLE_EXECUTABLE_FOLDER_PATH)/NiiVue";
			};
			name = Release;
		};
		34CD181D2B45C5420015EF4C /* Debug */ = {
			isa = XCBuildConfiguration;
			buildSettings = {
					ALWAYS_EMBED_SWIFT_STANDARD_LIBRARIES = YES;
					CODE_SIGN_STYLE = Automatic;
					CURRENT_PROJECT_VERSION = 1;
					DEVELOPMENT_TEAM = C3Y254HR6B;
					GENERATE_INFOPLIST_FILE = YES;
					MARKETING_VERSION = 1.0;
					PRODUCT_BUNDLE_IDENTIFIER = com.niivue.NiiVueUITests;
				PRODUCT_NAME = "$(TARGET_NAME)";
				SWIFT_EMIT_LOC_STRINGS = NO;
				SWIFT_VERSION = 5.0;
				TARGETED_DEVICE_FAMILY = "1,2";
				TEST_TARGET_NAME = NiiVue;
			};
			name = Debug;
		};
		34CD181E2B45C5420015EF4C /* Release */ = {
			isa = XCBuildConfiguration;
			buildSettings = {
					ALWAYS_EMBED_SWIFT_STANDARD_LIBRARIES = YES;
					CODE_SIGN_STYLE = Automatic;
					CURRENT_PROJECT_VERSION = 1;
					DEVELOPMENT_TEAM = C3Y254HR6B;
					GENERATE_INFOPLIST_FILE = YES;
					MARKETING_VERSION = 1.0;
					PRODUCT_BUNDLE_IDENTIFIER = com.niivue.NiiVueUITests;
				PRODUCT_NAME = "$(TARGET_NAME)";
				SWIFT_EMIT_LOC_STRINGS = NO;
				SWIFT_VERSION = 5.0;
				TARGETED_DEVICE_FAMILY = "1,2";
				TEST_TARGET_NAME = NiiVue;
			};
			name = Release;
		};
/* End XCBuildConfiguration section */

/* Begin XCConfigurationList section */
		34CD17ED2B45C5400015EF4C /* Build configuration list for PBXProject "NiiVue" */ = {
			isa = XCConfigurationList;
			buildConfigurations = (
				34CD18142B45C5420015EF4C /* Debug */,
				34CD18152B45C5420015EF4C /* Release */,
			);
			defaultConfigurationIsVisible = 0;
			defaultConfigurationName = Release;
		};
		34CD18162B45C5420015EF4C /* Build configuration list for PBXNativeTarget "NiiVue" */ = {
			isa = XCConfigurationList;
			buildConfigurations = (
				34CD18172B45C5420015EF4C /* Debug */,
				34CD18182B45C5420015EF4C /* Release */,
			);
			defaultConfigurationIsVisible = 0;
			defaultConfigurationName = Release;
		};
		34CD18192B45C5420015EF4C /* Build configuration list for PBXNativeTarget "NiiVueTests" */ = {
			isa = XCConfigurationList;
			buildConfigurations = (
				34CD181A2B45C5420015EF4C /* Debug */,
				34CD181B2B45C5420015EF4C /* Release */,
			);
			defaultConfigurationIsVisible = 0;
			defaultConfigurationName = Release;
		};
		34CD181C2B45C5420015EF4C /* Build configuration list for PBXNativeTarget "NiiVueUITests" */ = {
			isa = XCConfigurationList;
			buildConfigurations = (
				34CD181D2B45C5420015EF4C /* Debug */,
				34CD181E2B45C5420015EF4C /* Release */,
			);
			defaultConfigurationIsVisible = 0;
			defaultConfigurationName = Release;
		};
/* End XCConfigurationList section */
	};
	rootObject = 34CD17EA2B45C5400015EF4C /* Project object */;
}
